
Microsoft Visual Studio Solution File, Format Version 12.00
# Visual Studio Version 17
VisualStudioVersion = 17.8.34330.188
MinimumVisualStudioVersion = 10.0.40219.1
Project("{8BC9CEB8-8B4A-11D0-8D11-00A0C91BC942}") = "Inheritance", "Inheritance\Inheritance.vcxproj", "{93BC4124-D3D6-4DC1-8F0F-C8A50D1DEF42}"
EndProject
Project("{8BC9CEB8-8B4A-11D0-8D11-00A0C91BC942}") = "Academy", "Academy\Academy.vcxproj", "{72D15603-DF0D-4B03-B8FD-5EF6DB5041A1}"
EndProject
Project("{8BC9CEB8-8B4A-11D0-8D11-00A0C91BC942}") = "Files", "Files\Files.vcxproj", "{5ABDD16F-43BE-4DA1-8B1F-1C313F76DF5E}"
EndProject
Project("{8BC9CEB8-8B4A-11D0-8D11-00A0C91BC942}") = "AbstractBaseClass", "AbstractBaseClass\AbstractBaseClass.vcxproj", "{3211A27B-110B-40D4-AFED-37BBD142DEC9}"
EndProject
Project("{8BC9CEB8-8B4A-11D0-8D11-00A0C91BC942}") = "AbstractGeometry", "AbstractGeometry\AbstractGeometry.vcxproj", "{22B6B9E4-8CED-4D45-9C4B-61E62E1A186F}"
EndProject
Global
	GlobalSection(SolutionConfigurationPlatforms) = preSolution
		Debug|x64 = Debug|x64
		Debug|x86 = Debug|x86
		Release|x64 = Release|x64
		Release|x86 = Release|x86
	EndGlobalSection
	GlobalSection(ProjectConfigurationPlatforms) = postSolution
		{93BC4124-D3D6-4DC1-8F0F-C8A50D1DEF42}.Debug|x64.ActiveCfg = Debug|x64
		{93BC4124-D3D6-4DC1-8F0F-C8A50D1DEF42}.Debug|x64.Build.0 = Debug|x64
		{93BC4124-D3D6-4DC1-8F0F-C8A50D1DEF42}.Debug|x86.ActiveCfg = Debug|Win32
		{93BC4124-D3D6-4DC1-8F0F-C8A50D1DEF42}.Debug|x86.Build.0 = Debug|Win32
		{93BC4124-D3D6-4DC1-8F0F-C8A50D1DEF42}.Release|x64.ActiveCfg = Release|x64
		{93BC4124-D3D6-4DC1-8F0F-C8A50D1DEF42}.Release|x64.Build.0 = Release|x64
		{93BC4124-D3D6-4DC1-8F0F-C8A50D1DEF42}.Release|x86.ActiveCfg = Release|Win32
		{93BC4124-D3D6-4DC1-8F0F-C8A50D1DEF42}.Release|x86.Build.0 = Release|Win32
		{72D15603-DF0D-4B03-B8FD-5EF6DB5041A1}.Debug|x64.ActiveCfg = Debug|x64
		{72D15603-DF0D-4B03-B8FD-5EF6DB5041A1}.Debug|x64.Build.0 = Debug|x64
		{72D15603-DF0D-4B03-B8FD-5EF6DB5041A1}.Debug|x86.ActiveCfg = Debug|Win32
		{72D15603-DF0D-4B03-B8FD-5EF6DB5041A1}.Debug|x86.Build.0 = Debug|Win32
		{72D15603-DF0D-4B03-B8FD-5EF6DB5041A1}.Release|x64.ActiveCfg = Release|x64
		{72D15603-DF0D-4B03-B8FD-5EF6DB5041A1}.Release|x64.Build.0 = Release|x64
		{72D15603-DF0D-4B03-B8FD-5EF6DB5041A1}.Release|x86.ActiveCfg = Release|Win32
		{72D15603-DF0D-4B03-B8FD-5EF6DB5041A1}.Release|x86.Build.0 = Release|Win32
		{5ABDD16F-43BE-4DA1-8B1F-1C313F76DF5E}.Debug|x64.ActiveCfg = Debug|x64
		{5ABDD16F-43BE-4DA1-8B1F-1C313F76DF5E}.Debug|x64.Build.0 = Debug|x64
		{5ABDD16F-43BE-4DA1-8B1F-1C313F76DF5E}.Debug|x86.ActiveCfg = Debug|Win32
		{5ABDD16F-43BE-4DA1-8B1F-1C313F76DF5E}.Debug|x86.Build.0 = Debug|Win32
		{5ABDD16F-43BE-4DA1-8B1F-1C313F76DF5E}.Release|x64.ActiveCfg = Release|x64
		{5ABDD16F-43BE-4DA1-8B1F-1C313F76DF5E}.Release|x64.Build.0 = Release|x64
		{5ABDD16F-43BE-4DA1-8B1F-1C313F76DF5E}.Release|x86.ActiveCfg = Release|Win32
		{5ABDD16F-43BE-4DA1-8B1F-1C313F76DF5E}.Release|x86.Build.0 = Release|Win32
		{3211A27B-110B-40D4-AFED-37BBD142DEC9}.Debug|x64.ActiveCfg = Debug|x64
		{3211A27B-110B-40D4-AFED-37BBD142DEC9}.Debug|x64.Build.0 = Debug|x64
		{3211A27B-110B-40D4-AFED-37BBD142DEC9}.Debug|x86.ActiveCfg = Debug|Win32
		{3211A27B-110B-40D4-AFED-37BBD142DEC9}.Debug|x86.Build.0 = Debug|Win32
		{3211A27B-110B-40D4-AFED-37BBD142DEC9}.Release|x64.ActiveCfg = Release|x64
		{3211A27B-110B-40D4-AFED-37BBD142DEC9}.Release|x64.Build.0 = Release|x64
		{3211A27B-110B-40D4-AFED-37BBD142DEC9}.Release|x86.ActiveCfg = Release|Win32
		{3211A27B-110B-40D4-AFED-37BBD142DEC9}.Release|x86.Build.0 = Release|Win32
		{22B6B9E4-8CED-4D45-9C4B-61E62E1A186F}.Debug|x64.ActiveCfg = Debug|x64
		{22B6B9E4-8CED-4D45-9C4B-61E62E1A186F}.Debug|x64.Build.0 = Debug|x64
		{22B6B9E4-8CED-4D45-9C4B-61E62E1A186F}.Debug|x86.ActiveCfg = Debug|Win32
		{22B6B9E4-8CED-4D45-9C4B-61E62E1A186F}.Debug|x86.Build.0 = Debug|Win32
		{22B6B9E4-8CED-4D45-9C4B-61E62E1A186F}.Release|x64.ActiveCfg = Release|x64
		{22B6B9E4-8CED-4D45-9C4B-61E62E1A186F}.Release|x64.Build.0 = Release|x64
		{22B6B9E4-8CED-4D45-9C4B-61E62E1A186F}.Release|x86.ActiveCfg = Release|Win32
		{22B6B9E4-8CED-4D45-9C4B-61E62E1A186F}.Release|x86.Build.0 = Release|Win32
	EndGlobalSection
	GlobalSection(SolutionProperties) = preSolution
		HideSolutionNode = FALSE
	EndGlobalSection
	GlobalSection(ExtensibilityGlobals) = postSolution
		SolutionGuid = {9A5C19B3-2E5C-49D6-936D-4B3B7A66A82B}
	EndGlobalSection
EndGlobal
